
Microsoft Visual Studio Solution File, Format Version 12.00
# Visual Studio Version 16
VisualStudioVersion = 16.0.31205.134
MinimumVisualStudioVersion = 10.0.40219.1
Project("{9A19103F-16F7-4668-BE54-9A1E7A4F7556}") = "Advert.LambdaSearchWorker", "Advert.LambdaSearchWorker.csproj", "{4AF31202-4A35-436D-829B-8EF83BAF910A}"
EndProject
Global
	GlobalSection(SolutionConfigurationPlatforms) = preSolution
		Debug|Any CPU = Debug|Any CPU
		Release|Any CPU = Release|Any CPU
	EndGlobalSection
	GlobalSection(ProjectConfigurationPlatforms) = postSolution
		{4AF31202-4A35-436D-829B-8EF83BAF910A}.Debug|Any CPU.ActiveCfg = Debug|Any CPU
		{4AF31202-4A35-436D-829B-8EF83BAF910A}.Debug|Any CPU.Build.0 = Debug|Any CPU
		{4AF31202-4A35-436D-829B-8EF83BAF910A}.Release|Any CPU.ActiveCfg = Release|Any CPU
		{4AF31202-4A35-436D-829B-8EF83BAF910A}.Release|Any CPU.Build.0 = Release|Any CPU
	EndGlobalSection
	GlobalSection(SolutionProperties) = preSolution
		HideSolutionNode = FALSE
	EndGlobalSection
	GlobalSection(ExtensibilityGlobals) = postSolution
		SolutionGuid = {D6A41BFD-5329-4C3B-BA09-36598B77585D}
	EndGlobalSection
EndGlobal
